{
  "lockfileVersion": 1,
  "configVersion": 1,
  "workspaces": {
    "": {
      "dependencies": {
        "marked": "^18.0.6",
      },
    },
  },
  "packages": {
    "marked": ["marked@18.0.6", "", { "bin": { "marked": "bin/marked.js" } }, "sha512-MrV5puXBfuiy6wl6DLaq3BtIJQAJToAd5zt/ZKhRfGRAuFPALE7/4Y7jnxRQoEgK/pBgurGqLyAuRgZ2xOjr6w=="],
  }
}
