{
  "lockfileVersion": 1,
  "configVersion": 1,
  "workspaces": {
    "": {
      "dependencies": {
        "date-fns": "^4.4.0",
        "marked": "^18.0.6",
      },
    },
  },
  "packages": {
    "date-fns": ["date-fns@4.4.0", "", {}, "sha512-+1UMbeh68lH1SegH83CGWwpb6OHHbpSgr3+s5Eww5M4CAgswBpoWS0AjTOfEJ33HiYKz1hdj/KTFprzXHmq/6w=="],

    "marked": ["marked@18.0.6", "", { "bin": { "marked": "bin/marked.js" } }, "sha512-MrV5puXBfuiy6wl6DLaq3BtIJQAJToAd5zt/ZKhRfGRAuFPALE7/4Y7jnxRQoEgK/pBgurGqLyAuRgZ2xOjr6w=="],
  }
}
