{
  "lockfileVersion": 1,
  "configVersion": 1,
  "workspaces": {
    "": {
      "dependencies": {
        "marked": "^18.0.6",
        "marked-gfm-heading-id": "^4.1.4",
      },
    },
  },
  "packages": {
    "github-slugger": ["github-slugger@2.0.0", "", {}, "sha512-IaOQ9puYtjrkq7Y0Ygl9KDZnrf/aiUJYUpVf89y8kyaxbRG7Y1SrX/jaumrv81vc61+kiMempujsM3Yw7w5qcw=="],

    "marked": ["marked@18.0.6", "", { "bin": { "marked": "bin/marked.js" } }, "sha512-MrV5puXBfuiy6wl6DLaq3BtIJQAJToAd5zt/ZKhRfGRAuFPALE7/4Y7jnxRQoEgK/pBgurGqLyAuRgZ2xOjr6w=="],

    "marked-gfm-heading-id": ["marked-gfm-heading-id@4.1.4", "", { "dependencies": { "github-slugger": "^2.0.0" }, "peerDependencies": { "marked": ">=13 <19" } }, "sha512-CspnvVfHSkb/znqdPS4jUR8HtCjq3M/DnrsJCrfLBLvdrgbemmoINKpeWKQYkBiXAoBGejw0cV7xzqrPdup3WA=="],
  }
}
